
Microsoft Visual Studio Solution File, Format Version 12.00
# Visual Studio Version 17
VisualStudioVersion = 17.9.34714.143
MinimumVisualStudioVersion = 10.0.40219.1
Project("{9A19103F-16F7-4668-BE54-9A1E7A4F7556}") = "ManufacturingApp.API", "ManufacturingApp.API\ManufacturingApp.API.csproj", "{3A3FB3B2-581E-49A8-94CA-A48C266FAB08}"
EndProject
Global
	GlobalSection(SolutionConfigurationPlatforms) = preSolution
		Debug|Any CPU = Debug|Any CPU
		Release|Any CPU = Release|Any CPU
	EndGlobalSection
	GlobalSection(ProjectConfigurationPlatforms) = postSolution
		{3A3FB3B2-581E-49A8-94CA-A48C266FAB08}.Debug|Any CPU.ActiveCfg = Debug|Any CPU
		{3A3FB3B2-581E-49A8-94CA-A48C266FAB08}.Debug|Any CPU.Build.0 = Debug|Any CPU
		{3A3FB3B2-581E-49A8-94CA-A48C266FAB08}.Release|Any CPU.ActiveCfg = Release|Any CPU
		{3A3FB3B2-581E-49A8-94CA-A48C266FAB08}.Release|Any CPU.Build.0 = Release|Any CPU
	EndGlobalSection
	GlobalSection(SolutionProperties) = preSolution
		HideSolutionNode = FALSE
	EndGlobalSection
	GlobalSection(ExtensibilityGlobals) = postSolution
		SolutionGuid = {DF7AD687-9C28-479E-81D8-30DFE225F45C}
	EndGlobalSection
EndGlobal
